
Microsoft Visual Studio Solution File, Format Version 12.00
# Visual Studio Version 17
VisualStudioVersion = 17.13.35913.81
MinimumVisualStudioVersion = 10.0.40219.1
Project("{FAE04EC0-301F-11D3-BF4B-00C04F79EFBC}") = "Agri-Energy App", "Agri-Energy App\Agri-Energy App.csproj", "{9CF397CE-33BE-4E66-8F00-1666F2675AF6}"
EndProject
Global
	GlobalSection(SolutionConfigurationPlatforms) = preSolution
		Debug|Any CPU = Debug|Any CPU
		Release|Any CPU = Release|Any CPU
	EndGlobalSection
	GlobalSection(ProjectConfigurationPlatforms) = postSolution
		{9CF397CE-33BE-4E66-8F00-1666F2675AF6}.Debug|Any CPU.ActiveCfg = Debug|Any CPU
		{9CF397CE-33BE-4E66-8F00-1666F2675AF6}.Debug|Any CPU.Build.0 = Debug|Any CPU
		{9CF397CE-33BE-4E66-8F00-1666F2675AF6}.Release|Any CPU.ActiveCfg = Release|Any CPU
		{9CF397CE-33BE-4E66-8F00-1666F2675AF6}.Release|Any CPU.Build.0 = Release|Any CPU
	EndGlobalSection
	GlobalSection(SolutionProperties) = preSolution
		HideSolutionNode = FALSE
	EndGlobalSection
	GlobalSection(ExtensibilityGlobals) = postSolution
		SolutionGuid = {FCAAB404-D099-429A-933E-54DFD7247E68}
	EndGlobalSection
EndGlobal
